// !$*UTF8*$!
{
	archiveVersion = 1;
	classes = {
	};
	objectVersion = 51;
	objects = {

/* Begin PBXBuildFile section */
		2A11ABD0DEDFB923F62EC4D5 /* Pods_SistemaDeMonitoreoYControl_Swift.framework in Frameworks */ = {isa = PBXBuildFile; fileRef = 36F7CEF4C0594A8E6600D2C2 /* Pods_SistemaDeMonitoreoYControl_Swift.framework */; };
		8316379F23D74D4B00EE9DEF /* Service.swift in Sources */ = {isa = PBXBuildFile; fileRef = 8316379E23D74D4B00EE9DEF /* Service.swift */; };
		831637A123D77BBD00EE9DEF /* User.swift in Sources */ = {isa = PBXBuildFile; fileRef = 831637A023D77BBD00EE9DEF /* User.swift */; };
		831AE345240598F800AD8109 /* AdminController.swift in Sources */ = {isa = PBXBuildFile; fileRef = 831AE344240598F800AD8109 /* AdminController.swift */; };
		8347C81D23D266D30017E769 /* AppDelegate.swift in Sources */ = {isa = PBXBuildFile; fileRef = 8347C81C23D266D30017E769 /* AppDelegate.swift */; };
		8347C81F23D266D30017E769 /* SceneDelegate.swift in Sources */ = {isa = PBXBuildFile; fileRef = 8347C81E23D266D30017E769 /* SceneDelegate.swift */; };
		8347C82423D266D30017E769 /* Main.storyboard in Resources */ = {isa = PBXBuildFile; fileRef = 8347C82223D266D30017E769 /* Main.storyboard */; };
		8347C82623D266E10017E769 /* Assets.xcassets in Resources */ = {isa = PBXBuildFile; fileRef = 8347C82523D266E10017E769 /* Assets.xcassets */; };
		8347C82923D266E10017E769 /* LaunchScreen.storyboard in Resources */ = {isa = PBXBuildFile; fileRef = 8347C82723D266E10017E769 /* LaunchScreen.storyboard */; };
		83688BF623D65BE800D469C8 /* LoginController.swift in Sources */ = {isa = PBXBuildFile; fileRef = 83688BF523D65BE800D469C8 /* LoginController.swift */; };
		8399AC142444BA0E00BD1179 /* BaseViewController.swift in Sources */ = {isa = PBXBuildFile; fileRef = 8399AC132444BA0E00BD1179 /* BaseViewController.swift */; };
		8399AC162444BB4400BD1179 /* BaseMapController.swift in Sources */ = {isa = PBXBuildFile; fileRef = 8399AC152444BB4400BD1179 /* BaseMapController.swift */; };
		8399AC1A2444BC6100BD1179 /* MonitoreoUnidadesController.swift in Sources */ = {isa = PBXBuildFile; fileRef = 8399AC192444BC6100BD1179 /* MonitoreoUnidadesController.swift */; };
		8399AC1D2444C2F400BD1179 /* BaseCardView.swift in Sources */ = {isa = PBXBuildFile; fileRef = 8399AC1C2444C2F400BD1179 /* BaseCardView.swift */; };
		8399AC1F2444CCF200BD1179 /* GruposView.swift in Sources */ = {isa = PBXBuildFile; fileRef = 8399AC1E2444CCF200BD1179 /* GruposView.swift */; };
		8399AC232444DA4800BD1179 /* GrupoPersonalizadoCell.swift in Sources */ = {isa = PBXBuildFile; fileRef = 8399AC222444DA4800BD1179 /* GrupoPersonalizadoCell.swift */; };
		8399AC272444FAD900BD1179 /* IntegrantesView.swift in Sources */ = {isa = PBXBuildFile; fileRef = 8399AC262444FAD900BD1179 /* IntegrantesView.swift */; };
		8399AC292444FDDD00BD1179 /* IntegranteCell.swift in Sources */ = {isa = PBXBuildFile; fileRef = 8399AC282444FDDD00BD1179 /* IntegranteCell.swift */; };
		8399AC2B24450D9B00BD1179 /* RegistroRutasView.swift in Sources */ = {isa = PBXBuildFile; fileRef = 8399AC2A24450D9B00BD1179 /* RegistroRutasView.swift */; };
		83AEA74624475A83008E3BDB /* IntegranteMapaView.swift in Sources */ = {isa = PBXBuildFile; fileRef = 83AEA74524475A83008E3BDB /* IntegranteMapaView.swift */; };
		83B2D8FB2448EC91003EB0D3 /* GrupoAutomaticoCell.swift in Sources */ = {isa = PBXBuildFile; fileRef = 83B2D8FA2448EC91003EB0D3 /* GrupoAutomaticoCell.swift */; };
		83B2D8FD2448ECDC003EB0D3 /* GrupoCell.swift in Sources */ = {isa = PBXBuildFile; fileRef = 83B2D8FC2448ECDC003EB0D3 /* GrupoCell.swift */; };
		83BA33132446093500A2A85A /* InformacionIntegrante.swift in Sources */ = {isa = PBXBuildFile; fileRef = 83BA33122446093500A2A85A /* InformacionIntegrante.swift */; };
		83BA331524460AF500A2A85A /* InformacionIntegranteView.swift in Sources */ = {isa = PBXBuildFile; fileRef = 83BA331424460AF500A2A85A /* InformacionIntegranteView.swift */; };
		83BA33172446290C00A2A85A /* Ruta.swift in Sources */ = {isa = PBXBuildFile; fileRef = 83BA33162446290C00A2A85A /* Ruta.swift */; };
		83BA33192446300200A2A85A /* IntegranteMapa.swift in Sources */ = {isa = PBXBuildFile; fileRef = 83BA33182446300200A2A85A /* IntegranteMapa.swift */; };
		83BA331B244636CB00A2A85A /* RutaIntegrante.swift in Sources */ = {isa = PBXBuildFile; fileRef = 83BA331A244636CB00A2A85A /* RutaIntegrante.swift */; };
		83BA331D24464EB200A2A85A /* CountClusterAnnotationView.swift in Sources */ = {isa = PBXBuildFile; fileRef = 83BA331C24464EB200A2A85A /* CountClusterAnnotationView.swift */; };
		83C1205623D60756003C4075 /* MenuController.swift in Sources */ = {isa = PBXBuildFile; fileRef = 83C1205523D60756003C4075 /* MenuController.swift */; };
		83C1205823D60949003C4075 /* Menu.swift in Sources */ = {isa = PBXBuildFile; fileRef = 83C1205723D60949003C4075 /* Menu.swift */; };
		83C1205B23D60BE2003C4075 /* Extensions.swift in Sources */ = {isa = PBXBuildFile; fileRef = 83C1205A23D60BE2003C4075 /* Extensions.swift */; };
		83CFC2DE23DA2B8400532C71 /* Group.swift in Sources */ = {isa = PBXBuildFile; fileRef = 83CFC2DD23DA2B8400532C71 /* Group.swift */; };
		CD4C8F61244E3CFE00826FB5 /* ActualizaGPS.swift in Sources */ = {isa = PBXBuildFile; fileRef = CD4C8F60244E3CFE00826FB5 /* ActualizaGPS.swift */; };
		CD4C8F63244F692600826FB5 /* LlamadaEntranteCell.swift in Sources */ = {isa = PBXBuildFile; fileRef = CD4C8F62244F692600826FB5 /* LlamadaEntranteCell.swift */; };
		CD4C8F65244F810B00826FB5 /* ListaLlamadaCell.swift in Sources */ = {isa = PBXBuildFile; fileRef = CD4C8F64244F810B00826FB5 /* ListaLlamadaCell.swift */; };
		CD4C8F67244F919100826FB5 /* Llamada.swift in Sources */ = {isa = PBXBuildFile; fileRef = CD4C8F66244F919100826FB5 /* Llamada.swift */; };
		CD51FE182461E8F800D9AC46 /* LlamadaProtocol.swift in Sources */ = {isa = PBXBuildFile; fileRef = CD51FE172461E8F800D9AC46 /* LlamadaProtocol.swift */; };
		CD51FE1A246312B900D9AC46 /* LlamadaCell.swift in Sources */ = {isa = PBXBuildFile; fileRef = CD51FE19246312B900D9AC46 /* LlamadaCell.swift */; };
		CD51FE1C2463178500D9AC46 /* ChatController.swift in Sources */ = {isa = PBXBuildFile; fileRef = CD51FE1B2463178500D9AC46 /* ChatController.swift */; };
		CD51FE1E246317FD00D9AC46 /* MensajeChat.swift in Sources */ = {isa = PBXBuildFile; fileRef = CD51FE1D246317FD00D9AC46 /* MensajeChat.swift */; };
		CD51FE202463187100D9AC46 /* UsuarioChat.swift in Sources */ = {isa = PBXBuildFile; fileRef = CD51FE1F2463187100D9AC46 /* UsuarioChat.swift */; };
		CD51FE2224631C7100D9AC46 /* CustomMessagesFlowLayout.swift in Sources */ = {isa = PBXBuildFile; fileRef = CD51FE2124631C7100D9AC46 /* CustomMessagesFlowLayout.swift */; };
		CD51FE2424631E7D00D9AC46 /* ChatCell.swift in Sources */ = {isa = PBXBuildFile; fileRef = CD51FE2324631E7D00D9AC46 /* ChatCell.swift */; };
		CD51FE2624633ECF00D9AC46 /* Mensaje.swift in Sources */ = {isa = PBXBuildFile; fileRef = CD51FE2524633ECF00D9AC46 /* Mensaje.swift */; };
		CD51FE2824645C2800D9AC46 /* GenerarReporteView.swift in Sources */ = {isa = PBXBuildFile; fileRef = CD51FE2724645C2800D9AC46 /* GenerarReporteView.swift */; };
		CD51FE2A246461F900D9AC46 /* MapaController.swift in Sources */ = {isa = PBXBuildFile; fileRef = CD51FE29246461F900D9AC46 /* MapaController.swift */; };
		CD51FE2C2464746000D9AC46 /* Constants.swift in Sources */ = {isa = PBXBuildFile; fileRef = CD51FE2B2464746000D9AC46 /* Constants.swift */; };
		CD51FE2E24649E0D00D9AC46 /* SubDependenciaCell.swift in Sources */ = {isa = PBXBuildFile; fileRef = CD51FE2D24649E0D00D9AC46 /* SubDependenciaCell.swift */; };
		CD51FE312465ACBD00D9AC46 /* BusquedaReporteController.swift in Sources */ = {isa = PBXBuildFile; fileRef = CD51FE302465ACBD00D9AC46 /* BusquedaReporteController.swift */; };
		CD51FE342465AEA000D9AC46 /* BusquedaReporteView.swift in Sources */ = {isa = PBXBuildFile; fileRef = CD51FE332465AEA000D9AC46 /* BusquedaReporteView.swift */; };
		CD51FE362465BA2600D9AC46 /* CustomSwitch.swift in Sources */ = {isa = PBXBuildFile; fileRef = CD51FE352465BA2600D9AC46 /* CustomSwitch.swift */; };
		CD51FE382465DD9200D9AC46 /* CredencialesOperador.swift in Sources */ = {isa = PBXBuildFile; fileRef = CD51FE372465DD9200D9AC46 /* CredencialesOperador.swift */; };
		CD51FE3B2469A99F00D9AC46 /* FirebaseResponse.swift in Sources */ = {isa = PBXBuildFile; fileRef = CD51FE3A2469A99F00D9AC46 /* FirebaseResponse.swift */; };
		CD51FE3D2469C38E00D9AC46 /* IntegranteLlamadaCell.swift in Sources */ = {isa = PBXBuildFile; fileRef = CD51FE3C2469C38E00D9AC46 /* IntegranteLlamadaCell.swift */; };
		CD93D0372450A031002363B8 /* DependenciasController.swift in Sources */ = {isa = PBXBuildFile; fileRef = CD93D0362450A031002363B8 /* DependenciasController.swift */; };
		CD93D0392450A0B4002363B8 /* Dependencia.swift in Sources */ = {isa = PBXBuildFile; fileRef = CD93D0382450A0B4002363B8 /* Dependencia.swift */; };
		CD93D03C2450AAED002363B8 /* DependenciasHeaderView.swift in Sources */ = {isa = PBXBuildFile; fileRef = CD93D03B2450AAED002363B8 /* DependenciasHeaderView.swift */; };
		CD93D03E2450AD4B002363B8 /* SubDependenciasController.swift in Sources */ = {isa = PBXBuildFile; fileRef = CD93D03D2450AD4B002363B8 /* SubDependenciasController.swift */; };
		CD93D0402450B1AF002363B8 /* DependenciaCell.swift in Sources */ = {isa = PBXBuildFile; fileRef = CD93D03F2450B1AF002363B8 /* DependenciaCell.swift */; };
		CD93D0442451ECE5002363B8 /* LlamadaController.swift in Sources */ = {isa = PBXBuildFile; fileRef = CD93D0432451ECE5002363B8 /* LlamadaController.swift */; };
		CD93D0462451F070002363B8 /* DarkBlurView.swift in Sources */ = {isa = PBXBuildFile; fileRef = CD93D0452451F070002363B8 /* DarkBlurView.swift */; };
		CD93D0482451F19E002363B8 /* ControlesLlamadaView.swift in Sources */ = {isa = PBXBuildFile; fileRef = CD93D0472451F19E002363B8 /* ControlesLlamadaView.swift */; };
		CD93D04A24520DEB002363B8 /* AccionesLlamadaView.swift in Sources */ = {isa = PBXBuildFile; fileRef = CD93D04924520DEB002363B8 /* AccionesLlamadaView.swift */; };
		CD93D05B24533190002363B8 /* InformacionController.swift in Sources */ = {isa = PBXBuildFile; fileRef = CD93D05A24533190002363B8 /* InformacionController.swift */; };
/* End PBXBuildFile section */

/* Begin PBXFileReference section */
		0A3B40B8CDE89C8D82EFD35C /* Pods-SistemaDeMonitoreoYControl-Swift.debug.xcconfig */ = {isa = PBXFileReference; includeInIndex = 1; lastKnownFileType = text.xcconfig; name = "Pods-SistemaDeMonitoreoYControl-Swift.debug.xcconfig"; path = "Target Support Files/Pods-SistemaDeMonitoreoYControl-Swift/Pods-SistemaDeMonitoreoYControl-Swift.debug.xcconfig"; sourceTree = "<group>"; };
		36F7CEF4C0594A8E6600D2C2 /* Pods_SistemaDeMonitoreoYControl_Swift.framework */ = {isa = PBXFileReference; explicitFileType = wrapper.framework; includeInIndex = 0; path = Pods_SistemaDeMonitoreoYControl_Swift.framework; sourceTree = BUILT_PRODUCTS_DIR; };
		8316379E23D74D4B00EE9DEF /* Service.swift */ = {isa = PBXFileReference; lastKnownFileType = sourcecode.swift; path = Service.swift; sourceTree = "<group>"; };
		831637A023D77BBD00EE9DEF /* User.swift */ = {isa = PBXFileReference; lastKnownFileType = sourcecode.swift; path = User.swift; sourceTree = "<group>"; };
		831AE344240598F800AD8109 /* AdminController.swift */ = {isa = PBXFileReference; lastKnownFileType = sourcecode.swift; path = AdminController.swift; sourceTree = "<group>"; };
		8347C81923D266D30017E769 /* SistemaDeMonitoreoYControl-Swift.app */ = {isa = PBXFileReference; explicitFileType = wrapper.application; includeInIndex = 0; path = "SistemaDeMonitoreoYControl-Swift.app"; sourceTree = BUILT_PRODUCTS_DIR; };
		8347C81C23D266D30017E769 /* AppDelegate.swift */ = {isa = PBXFileReference; lastKnownFileType = sourcecode.swift; path = AppDelegate.swift; sourceTree = "<group>"; };
		8347C81E23D266D30017E769 /* SceneDelegate.swift */ = {isa = PBXFileReference; lastKnownFileType = sourcecode.swift; path = SceneDelegate.swift; sourceTree = "<group>"; };
		8347C82323D266D30017E769 /* Base */ = {isa = PBXFileReference; lastKnownFileType = file.storyboard; name = Base; path = Base.lproj/Main.storyboard; sourceTree = "<group>"; };
		8347C82523D266E10017E769 /* Assets.xcassets */ = {isa = PBXFileReference; lastKnownFileType = folder.assetcatalog; path = Assets.xcassets; sourceTree = "<group>"; };
		8347C82823D266E10017E769 /* Base */ = {isa = PBXFileReference; lastKnownFileType = file.storyboard; name = Base; path = Base.lproj/LaunchScreen.storyboard; sourceTree = "<group>"; };
		8347C82A23D266E10017E769 /* Info.plist */ = {isa = PBXFileReference; lastKnownFileType = text.plist.xml; path = Info.plist; sourceTree = "<group>"; };
		83688BF523D65BE800D469C8 /* LoginController.swift */ = {isa = PBXFileReference; lastKnownFileType = sourcecode.swift; path = LoginController.swift; sourceTree = "<group>"; };
		8399AC132444BA0E00BD1179 /* BaseViewController.swift */ = {isa = PBXFileReference; lastKnownFileType = sourcecode.swift; path = BaseViewController.swift; sourceTree = "<group>"; };
		8399AC152444BB4400BD1179 /* BaseMapController.swift */ = {isa = PBXFileReference; lastKnownFileType = sourcecode.swift; path = BaseMapController.swift; sourceTree = "<group>"; };
		8399AC192444BC6100BD1179 /* MonitoreoUnidadesController.swift */ = {isa = PBXFileReference; lastKnownFileType = sourcecode.swift; path = MonitoreoUnidadesController.swift; sourceTree = "<group>"; };
		8399AC1C2444C2F400BD1179 /* BaseCardView.swift */ = {isa = PBXFileReference; lastKnownFileType = sourcecode.swift; path = BaseCardView.swift; sourceTree = "<group>"; };
		8399AC1E2444CCF200BD1179 /* GruposView.swift */ = {isa = PBXFileReference; lastKnownFileType = sourcecode.swift; path = GruposView.swift; sourceTree = "<group>"; };
		8399AC222444DA4800BD1179 /* GrupoPersonalizadoCell.swift */ = {isa = PBXFileReference; lastKnownFileType = sourcecode.swift; path = GrupoPersonalizadoCell.swift; sourceTree = "<group>"; };
		8399AC262444FAD900BD1179 /* IntegrantesView.swift */ = {isa = PBXFileReference; lastKnownFileType = sourcecode.swift; path = IntegrantesView.swift; sourceTree = "<group>"; };
		8399AC282444FDDD00BD1179 /* IntegranteCell.swift */ = {isa = PBXFileReference; lastKnownFileType = sourcecode.swift; path = IntegranteCell.swift; sourceTree = "<group>"; };
		8399AC2A24450D9B00BD1179 /* RegistroRutasView.swift */ = {isa = PBXFileReference; lastKnownFileType = sourcecode.swift; path = RegistroRutasView.swift; sourceTree = "<group>"; };
		83AEA74524475A83008E3BDB /* IntegranteMapaView.swift */ = {isa = PBXFileReference; lastKnownFileType = sourcecode.swift; path = IntegranteMapaView.swift; sourceTree = "<group>"; };
		83B2D8FA2448EC91003EB0D3 /* GrupoAutomaticoCell.swift */ = {isa = PBXFileReference; lastKnownFileType = sourcecode.swift; path = GrupoAutomaticoCell.swift; sourceTree = "<group>"; };
		83B2D8FC2448ECDC003EB0D3 /* GrupoCell.swift */ = {isa = PBXFileReference; lastKnownFileType = sourcecode.swift; path = GrupoCell.swift; sourceTree = "<group>"; };
		83BA33122446093500A2A85A /* InformacionIntegrante.swift */ = {isa = PBXFileReference; lastKnownFileType = sourcecode.swift; path = InformacionIntegrante.swift; sourceTree = "<group>"; };
		83BA331424460AF500A2A85A /* InformacionIntegranteView.swift */ = {isa = PBXFileReference; lastKnownFileType = sourcecode.swift; path = InformacionIntegranteView.swift; sourceTree = "<group>"; };
		83BA33162446290C00A2A85A /* Ruta.swift */ = {isa = PBXFileReference; lastKnownFileType = sourcecode.swift; path = Ruta.swift; sourceTree = "<group>"; };
		83BA33182446300200A2A85A /* IntegranteMapa.swift */ = {isa = PBXFileReference; lastKnownFileType = sourcecode.swift; path = IntegranteMapa.swift; sourceTree = "<group>"; };
		83BA331A244636CB00A2A85A /* RutaIntegrante.swift */ = {isa = PBXFileReference; lastKnownFileType = sourcecode.swift; path = RutaIntegrante.swift; sourceTree = "<group>"; };
		83BA331C24464EB200A2A85A /* CountClusterAnnotationView.swift */ = {isa = PBXFileReference; lastKnownFileType = sourcecode.swift; path = CountClusterAnnotationView.swift; sourceTree = "<group>"; };
		83C1205523D60756003C4075 /* MenuController.swift */ = {isa = PBXFileReference; lastKnownFileType = sourcecode.swift; path = MenuController.swift; sourceTree = "<group>"; };
		83C1205723D60949003C4075 /* Menu.swift */ = {isa = PBXFileReference; lastKnownFileType = sourcecode.swift; path = Menu.swift; sourceTree = "<group>"; };
		83C1205A23D60BE2003C4075 /* Extensions.swift */ = {isa = PBXFileReference; lastKnownFileType = sourcecode.swift; path = Extensions.swift; sourceTree = "<group>"; };
		83CFC2DD23DA2B8400532C71 /* Group.swift */ = {isa = PBXFileReference; lastKnownFileType = sourcecode.swift; path = Group.swift; sourceTree = "<group>"; };
		95D881C14A3D1D62C0030DD0 /* Pods-SistemaDeMonitoreoYControl-Swift.release.xcconfig */ = {isa = PBXFileReference; includeInIndex = 1; lastKnownFileType = text.xcconfig; name = "Pods-SistemaDeMonitoreoYControl-Swift.release.xcconfig"; path = "Target Support Files/Pods-SistemaDeMonitoreoYControl-Swift/Pods-SistemaDeMonitoreoYControl-Swift.release.xcconfig"; sourceTree = "<group>"; };
		CD4C8F60244E3CFE00826FB5 /* ActualizaGPS.swift */ = {isa = PBXFileReference; lastKnownFileType = sourcecode.swift; path = ActualizaGPS.swift; sourceTree = "<group>"; };
		CD4C8F62244F692600826FB5 /* LlamadaEntranteCell.swift */ = {isa = PBXFileReference; lastKnownFileType = sourcecode.swift; path = LlamadaEntranteCell.swift; sourceTree = "<group>"; };
		CD4C8F64244F810B00826FB5 /* ListaLlamadaCell.swift */ = {isa = PBXFileReference; lastKnownFileType = sourcecode.swift; path = ListaLlamadaCell.swift; sourceTree = "<group>"; };
		CD4C8F66244F919100826FB5 /* Llamada.swift */ = {isa = PBXFileReference; lastKnownFileType = sourcecode.swift; path = Llamada.swift; sourceTree = "<group>"; };
		CD51FE172461E8F800D9AC46 /* LlamadaProtocol.swift */ = {isa = PBXFileReference; lastKnownFileType = sourcecode.swift; path = LlamadaProtocol.swift; sourceTree = "<group>"; };
		CD51FE19246312B900D9AC46 /* LlamadaCell.swift */ = {isa = PBXFileReference; lastKnownFileType = sourcecode.swift; path = LlamadaCell.swift; sourceTree = "<group>"; };
		CD51FE1B2463178500D9AC46 /* ChatController.swift */ = {isa = PBXFileReference; lastKnownFileType = sourcecode.swift; path = ChatController.swift; sourceTree = "<group>"; };
		CD51FE1D246317FD00D9AC46 /* MensajeChat.swift */ = {isa = PBXFileReference; lastKnownFileType = sourcecode.swift; path = MensajeChat.swift; sourceTree = "<group>"; };
		CD51FE1F2463187100D9AC46 /* UsuarioChat.swift */ = {isa = PBXFileReference; lastKnownFileType = sourcecode.swift; path = UsuarioChat.swift; sourceTree = "<group>"; };
		CD51FE2124631C7100D9AC46 /* CustomMessagesFlowLayout.swift */ = {isa = PBXFileReference; lastKnownFileType = sourcecode.swift; path = CustomMessagesFlowLayout.swift; sourceTree = "<group>"; };
		CD51FE2324631E7D00D9AC46 /* ChatCell.swift */ = {isa = PBXFileReference; lastKnownFileType = sourcecode.swift; path = ChatCell.swift; sourceTree = "<group>"; };
		CD51FE2524633ECF00D9AC46 /* Mensaje.swift */ = {isa = PBXFileReference; lastKnownFileType = sourcecode.swift; path = Mensaje.swift; sourceTree = "<group>"; };
		CD51FE2724645C2800D9AC46 /* GenerarReporteView.swift */ = {isa = PBXFileReference; lastKnownFileType = sourcecode.swift; path = GenerarReporteView.swift; sourceTree = "<group>"; };
		CD51FE29246461F900D9AC46 /* MapaController.swift */ = {isa = PBXFileReference; lastKnownFileType = sourcecode.swift; path = MapaController.swift; sourceTree = "<group>"; };
		CD51FE2B2464746000D9AC46 /* Constants.swift */ = {isa = PBXFileReference; lastKnownFileType = sourcecode.swift; path = Constants.swift; sourceTree = "<group>"; };
		CD51FE2D24649E0D00D9AC46 /* SubDependenciaCell.swift */ = {isa = PBXFileReference; lastKnownFileType = sourcecode.swift; path = SubDependenciaCell.swift; sourceTree = "<group>"; };
		CD51FE302465ACBD00D9AC46 /* BusquedaReporteController.swift */ = {isa = PBXFileReference; lastKnownFileType = sourcecode.swift; path = BusquedaReporteController.swift; sourceTree = "<group>"; };
		CD51FE332465AEA000D9AC46 /* BusquedaReporteView.swift */ = {isa = PBXFileReference; lastKnownFileType = sourcecode.swift; path = BusquedaReporteView.swift; sourceTree = "<group>"; };
		CD51FE352465BA2600D9AC46 /* CustomSwitch.swift */ = {isa = PBXFileReference; lastKnownFileType = sourcecode.swift; path = CustomSwitch.swift; sourceTree = "<group>"; };
		CD51FE372465DD9200D9AC46 /* CredencialesOperador.swift */ = {isa = PBXFileReference; lastKnownFileType = sourcecode.swift; path = CredencialesOperador.swift; sourceTree = "<group>"; };
		CD51FE3A2469A99F00D9AC46 /* FirebaseResponse.swift */ = {isa = PBXFileReference; lastKnownFileType = sourcecode.swift; path = FirebaseResponse.swift; sourceTree = "<group>"; };
		CD51FE3C2469C38E00D9AC46 /* IntegranteLlamadaCell.swift */ = {isa = PBXFileReference; lastKnownFileType = sourcecode.swift; path = IntegranteLlamadaCell.swift; sourceTree = "<group>"; };
		CD93D0362450A031002363B8 /* DependenciasController.swift */ = {isa = PBXFileReference; lastKnownFileType = sourcecode.swift; path = DependenciasController.swift; sourceTree = "<group>"; };
		CD93D0382450A0B4002363B8 /* Dependencia.swift */ = {isa = PBXFileReference; lastKnownFileType = sourcecode.swift; path = Dependencia.swift; sourceTree = "<group>"; };
		CD93D03B2450AAED002363B8 /* DependenciasHeaderView.swift */ = {isa = PBXFileReference; lastKnownFileType = sourcecode.swift; path = DependenciasHeaderView.swift; sourceTree = "<group>"; };
		CD93D03D2450AD4B002363B8 /* SubDependenciasController.swift */ = {isa = PBXFileReference; lastKnownFileType = sourcecode.swift; path = SubDependenciasController.swift; sourceTree = "<group>"; };
		CD93D03F2450B1AF002363B8 /* DependenciaCell.swift */ = {isa = PBXFileReference; lastKnownFileType = sourcecode.swift; path = DependenciaCell.swift; sourceTree = "<group>"; };
		CD93D0432451ECE5002363B8 /* LlamadaController.swift */ = {isa = PBXFileReference; lastKnownFileType = sourcecode.swift; path = LlamadaController.swift; sourceTree = "<group>"; };
		CD93D0452451F070002363B8 /* DarkBlurView.swift */ = {isa = PBXFileReference; lastKnownFileType = sourcecode.swift; path = DarkBlurView.swift; sourceTree = "<group>"; };
		CD93D0472451F19E002363B8 /* ControlesLlamadaView.swift */ = {isa = PBXFileReference; lastKnownFileType = sourcecode.swift; path = ControlesLlamadaView.swift; sourceTree = "<group>"; };
		CD93D04924520DEB002363B8 /* AccionesLlamadaView.swift */ = {isa = PBXFileReference; lastKnownFileType = sourcecode.swift; path = AccionesLlamadaView.swift; sourceTree = "<group>"; };
		CD93D05A24533190002363B8 /* InformacionController.swift */ = {isa = PBXFileReference; lastKnownFileType = sourcecode.swift; path = InformacionController.swift; sourceTree = "<group>"; };
/* End PBXFileReference section */

/* Begin PBXFrameworksBuildPhase section */
		8347C81623D266D30017E769 /* Frameworks */ = {
			isa = PBXFrameworksBuildPhase;
			buildActionMask = 2147483647;
			files = (
				2A11ABD0DEDFB923F62EC4D5 /* Pods_SistemaDeMonitoreoYControl_Swift.framework in Frameworks */,
			);
			runOnlyForDeploymentPostprocessing = 0;
		};
/* End PBXFrameworksBuildPhase section */

/* Begin PBXGroup section */
		0AC7A030D6F2D502CFDFD3D9 /* Pods */ = {
			isa = PBXGroup;
			children = (
				0A3B40B8CDE89C8D82EFD35C /* Pods-SistemaDeMonitoreoYControl-Swift.debug.xcconfig */,
				95D881C14A3D1D62C0030DD0 /* Pods-SistemaDeMonitoreoYControl-Swift.release.xcconfig */,
			);
			path = Pods;
			sourceTree = "<group>";
		};
		1A65B38E7723C596B4F7CCA3 /* Frameworks */ = {
			isa = PBXGroup;
			children = (
				36F7CEF4C0594A8E6600D2C2 /* Pods_SistemaDeMonitoreoYControl_Swift.framework */,
			);
			name = Frameworks;
			sourceTree = "<group>";
		};
		8316379D23D74D2100EE9DEF /* API */ = {
			isa = PBXGroup;
			children = (
				8316379E23D74D4B00EE9DEF /* Service.swift */,
			);
			path = API;
			sourceTree = "<group>";
		};
		831637A223D7866000EE9DEF /* Model */ = {
			isa = PBXGroup;
			children = (
				831637A023D77BBD00EE9DEF /* User.swift */,
				83C1205723D60949003C4075 /* Menu.swift */,
				83CFC2DD23DA2B8400532C71 /* Group.swift */,
				83BA33122446093500A2A85A /* InformacionIntegrante.swift */,
				83BA33162446290C00A2A85A /* Ruta.swift */,
				83BA33182446300200A2A85A /* IntegranteMapa.swift */,
				83BA331A244636CB00A2A85A /* RutaIntegrante.swift */,
				CD4C8F60244E3CFE00826FB5 /* ActualizaGPS.swift */,
				CD4C8F66244F919100826FB5 /* Llamada.swift */,
				CD93D0382450A0B4002363B8 /* Dependencia.swift */,
				CD51FE1D246317FD00D9AC46 /* MensajeChat.swift */,
				CD51FE1F2463187100D9AC46 /* UsuarioChat.swift */,
				CD51FE2524633ECF00D9AC46 /* Mensaje.swift */,
				CD51FE372465DD9200D9AC46 /* CredencialesOperador.swift */,
				CD51FE3A2469A99F00D9AC46 /* FirebaseResponse.swift */,
			);
			path = Model;
			sourceTree = "<group>";
		};
		8347C81023D266D30017E769 = {
			isa = PBXGroup;
			children = (
				8347C81B23D266D30017E769 /* SistemaDeMonitoreoYControl-Swift */,
				8347C81A23D266D30017E769 /* Products */,
				0AC7A030D6F2D502CFDFD3D9 /* Pods */,
				1A65B38E7723C596B4F7CCA3 /* Frameworks */,
			);
			sourceTree = "<group>";
		};
		8347C81A23D266D30017E769 /* Products */ = {
			isa = PBXGroup;
			children = (
				8347C81923D266D30017E769 /* SistemaDeMonitoreoYControl-Swift.app */,
			);
			name = Products;
			sourceTree = "<group>";
		};
		8347C81B23D266D30017E769 /* SistemaDeMonitoreoYControl-Swift */ = {
			isa = PBXGroup;
			children = (
				8399AC1B2444C2D000BD1179 /* BaseClasses */,
				8316379D23D74D2100EE9DEF /* API */,
				831637A223D7866000EE9DEF /* Model */,
				8399AC182444BC3100BD1179 /* View */,
				8399AC172444BC2800BD1179 /* Controller */,
				83C1205923D60BC2003C4075 /* Helpers */,
				8347C81C23D266D30017E769 /* AppDelegate.swift */,
				8347C81E23D266D30017E769 /* SceneDelegate.swift */,
				8347C82223D266D30017E769 /* Main.storyboard */,
				8347C82523D266E10017E769 /* Assets.xcassets */,
				8347C82723D266E10017E769 /* LaunchScreen.storyboard */,
				8347C82A23D266E10017E769 /* Info.plist */,
			);
			path = "SistemaDeMonitoreoYControl-Swift";
			sourceTree = "<group>";
		};
		8399AC172444BC2800BD1179 /* Controller */ = {
			isa = PBXGroup;
			children = (
				CD51FE2F2465AC6B00D9AC46 /* BusquedaReporte */,
				CD93D04B2452281B002363B8 /* Llamada */,
				CD93D0422451E9F9002363B8 /* Dependencias */,
				CD93D0412451E9D4002363B8 /* MonitoreoUnidades */,
				83C1205523D60756003C4075 /* MenuController.swift */,
				83688BF523D65BE800D469C8 /* LoginController.swift */,
				831AE344240598F800AD8109 /* AdminController.swift */,
			);
			path = Controller;
			sourceTree = "<group>";
		};
		8399AC182444BC3100BD1179 /* View */ = {
			isa = PBXGroup;
			children = (
				CD51FE322465AE1000D9AC46 /* BusquedaReporte */,
				CD93D04C24522829002363B8 /* Llamada */,
				CD93D03A2450AACA002363B8 /* Dependencias */,
				83B2D8F92448EC4A003EB0D3 /* MonitoreoDeUnidades */,
				83BA331424460AF500A2A85A /* InformacionIntegranteView.swift */,
				83BA331C24464EB200A2A85A /* CountClusterAnnotationView.swift */,
			);
			path = View;
			sourceTree = "<group>";
		};
		8399AC1B2444C2D000BD1179 /* BaseClasses */ = {
			isa = PBXGroup;
			children = (
				8399AC132444BA0E00BD1179 /* BaseViewController.swift */,
				8399AC152444BB4400BD1179 /* BaseMapController.swift */,
				8399AC1C2444C2F400BD1179 /* BaseCardView.swift */,
				83B2D8FC2448ECDC003EB0D3 /* GrupoCell.swift */,
			);
			path = BaseClasses;
			sourceTree = "<group>";
		};
		83B2D8F92448EC4A003EB0D3 /* MonitoreoDeUnidades */ = {
			isa = PBXGroup;
			children = (
				83B2D8FA2448EC91003EB0D3 /* GrupoAutomaticoCell.swift */,
				83AEA74524475A83008E3BDB /* IntegranteMapaView.swift */,
				8399AC2A24450D9B00BD1179 /* RegistroRutasView.swift */,
				8399AC282444FDDD00BD1179 /* IntegranteCell.swift */,
				8399AC262444FAD900BD1179 /* IntegrantesView.swift */,
				8399AC222444DA4800BD1179 /* GrupoPersonalizadoCell.swift */,
				8399AC1E2444CCF200BD1179 /* GruposView.swift */,
			);
			path = MonitoreoDeUnidades;
			sourceTree = "<group>";
		};
		83C1205923D60BC2003C4075 /* Helpers */ = {
			isa = PBXGroup;
			children = (
				83C1205A23D60BE2003C4075 /* Extensions.swift */,
				CD93D0452451F070002363B8 /* DarkBlurView.swift */,
				CD51FE172461E8F800D9AC46 /* LlamadaProtocol.swift */,
				CD51FE2124631C7100D9AC46 /* CustomMessagesFlowLayout.swift */,
				CD51FE2B2464746000D9AC46 /* Constants.swift */,
				CD51FE352465BA2600D9AC46 /* CustomSwitch.swift */,
			);
			path = Helpers;
			sourceTree = "<group>";
		};
		CD51FE2F2465AC6B00D9AC46 /* BusquedaReporte */ = {
			isa = PBXGroup;
			children = (
				CD51FE302465ACBD00D9AC46 /* BusquedaReporteController.swift */,
			);
			path = BusquedaReporte;
			sourceTree = "<group>";
		};
		CD51FE322465AE1000D9AC46 /* BusquedaReporte */ = {
			isa = PBXGroup;
			children = (
				CD51FE332465AEA000D9AC46 /* BusquedaReporteView.swift */,
			);
			path = BusquedaReporte;
			sourceTree = "<group>";
		};
		CD93D03A2450AACA002363B8 /* Dependencias */ = {
			isa = PBXGroup;
			children = (
				CD93D03B2450AAED002363B8 /* DependenciasHeaderView.swift */,
				CD93D03F2450B1AF002363B8 /* DependenciaCell.swift */,
				CD51FE2D24649E0D00D9AC46 /* SubDependenciaCell.swift */,
			);
			path = Dependencias;
			sourceTree = "<group>";
		};
		CD93D0412451E9D4002363B8 /* MonitoreoUnidades */ = {
			isa = PBXGroup;
			children = (
				8399AC192444BC6100BD1179 /* MonitoreoUnidadesController.swift */,
			);
			path = MonitoreoUnidades;
			sourceTree = "<group>";
		};
		CD93D0422451E9F9002363B8 /* Dependencias */ = {
			isa = PBXGroup;
			children = (
				CD93D0362450A031002363B8 /* DependenciasController.swift */,
				CD93D03D2450AD4B002363B8 /* SubDependenciasController.swift */,
			);
			path = Dependencias;
			sourceTree = "<group>";
		};
		CD93D04B2452281B002363B8 /* Llamada */ = {
			isa = PBXGroup;
			children = (
				CD93D0432451ECE5002363B8 /* LlamadaController.swift */,
				CD93D05A24533190002363B8 /* InformacionController.swift */,
				CD51FE1B2463178500D9AC46 /* ChatController.swift */,
				CD51FE29246461F900D9AC46 /* MapaController.swift */,
			);
			path = Llamada;
			sourceTree = "<group>";
		};
		CD93D04C24522829002363B8 /* Llamada */ = {
			isa = PBXGroup;
			children = (
				CD93D0472451F19E002363B8 /* ControlesLlamadaView.swift */,
				CD93D04924520DEB002363B8 /* AccionesLlamadaView.swift */,
				CD51FE19246312B900D9AC46 /* LlamadaCell.swift */,
				CD4C8F62244F692600826FB5 /* LlamadaEntranteCell.swift */,
				CD4C8F64244F810B00826FB5 /* ListaLlamadaCell.swift */,
				CD51FE2324631E7D00D9AC46 /* ChatCell.swift */,
				CD51FE2724645C2800D9AC46 /* GenerarReporteView.swift */,
				CD51FE3C2469C38E00D9AC46 /* IntegranteLlamadaCell.swift */,
			);
			path = Llamada;
			sourceTree = "<group>";
		};
/* End PBXGroup section */

/* Begin PBXNativeTarget section */
		8347C81823D266D30017E769 /* SistemaDeMonitoreoYControl-Swift */ = {
			isa = PBXNativeTarget;
			buildConfigurationList = 8347C82D23D266E10017E769 /* Build configuration list for PBXNativeTarget "SistemaDeMonitoreoYControl-Swift" */;
			buildPhases = (
				54081091D952967240426480 /* [CP] Check Pods Manifest.lock */,
				8347C81523D266D30017E769 /* Sources */,
				8347C81623D266D30017E769 /* Frameworks */,
				8347C81723D266D30017E769 /* Resources */,
				0396CA31AFE337716E68B6DF /* [CP] Embed Pods Frameworks */,
			);
			buildRules = (
			);
			dependencies = (
			);
			name = "SistemaDeMonitoreoYControl-Swift";
			productName = "SistemaDeMonitoreoYControl-Swift";
			productReference = 8347C81923D266D30017E769 /* SistemaDeMonitoreoYControl-Swift.app */;
			productType = "com.apple.product-type.application";
		};
/* End PBXNativeTarget section */

/* Begin PBXProject section */
		8347C81123D266D30017E769 /* Project object */ = {
			isa = PBXProject;
			attributes = {
				LastSwiftUpdateCheck = 1120;
				LastUpgradeCheck = 1120;
				ORGANIZATIONNAME = GlobalCorporation;
				TargetAttributes = {
					8347C81823D266D30017E769 = {
						CreatedOnToolsVersion = 11.2.1;
					};
				};
			};
			buildConfigurationList = 8347C81423D266D30017E769 /* Build configuration list for PBXProject "SistemaDeMonitoreoYControl-Swift" */;
			compatibilityVersion = "Xcode 9.3";
			developmentRegion = en;
			hasScannedForEncodings = 0;
			knownRegions = (
				en,
				Base,
			);
			mainGroup = 8347C81023D266D30017E769;
			productRefGroup = 8347C81A23D266D30017E769 /* Products */;
			projectDirPath = "";
			projectRoot = "";
			targets = (
				8347C81823D266D30017E769 /* SistemaDeMonitoreoYControl-Swift */,
			);
		};
/* End PBXProject section */

/* Begin PBXResourcesBuildPhase section */
		8347C81723D266D30017E769 /* Resources */ = {
			isa = PBXResourcesBuildPhase;
			buildActionMask = 2147483647;
			files = (
				8347C82923D266E10017E769 /* LaunchScreen.storyboard in Resources */,
				8347C82623D266E10017E769 /* Assets.xcassets in Resources */,
				8347C82423D266D30017E769 /* Main.storyboard in Resources */,
			);
			runOnlyForDeploymentPostprocessing = 0;
		};
/* End PBXResourcesBuildPhase section */

/* Begin PBXShellScriptBuildPhase section */
		0396CA31AFE337716E68B6DF /* [CP] Embed Pods Frameworks */ = {
			isa = PBXShellScriptBuildPhase;
			buildActionMask = 2147483647;
			files = (
			);
			inputFileListPaths = (
				"${PODS_ROOT}/Target Support Files/Pods-SistemaDeMonitoreoYControl-Swift/Pods-SistemaDeMonitoreoYControl-Swift-frameworks-${CONFIGURATION}-input-files.xcfilelist",
			);
			name = "[CP] Embed Pods Frameworks";
			outputFileListPaths = (
				"${PODS_ROOT}/Target Support Files/Pods-SistemaDeMonitoreoYControl-Swift/Pods-SistemaDeMonitoreoYControl-Swift-frameworks-${CONFIGURATION}-output-files.xcfilelist",
			);
			runOnlyForDeploymentPostprocessing = 0;
			shellPath = /bin/sh;
			shellScript = "\"${PODS_ROOT}/Target Support Files/Pods-SistemaDeMonitoreoYControl-Swift/Pods-SistemaDeMonitoreoYControl-Swift-frameworks.sh\"\n";
			showEnvVarsInLog = 0;
		};
		54081091D952967240426480 /* [CP] Check Pods Manifest.lock */ = {
			isa = PBXShellScriptBuildPhase;
			buildActionMask = 2147483647;
			files = (
			);
			inputFileListPaths = (
			);
			inputPaths = (
				"${PODS_PODFILE_DIR_PATH}/Podfile.lock",
				"${PODS_ROOT}/Manifest.lock",
			);
			name = "[CP] Check Pods Manifest.lock";
			outputFileListPaths = (
			);
			outputPaths = (
				"$(DERIVED_FILE_DIR)/Pods-SistemaDeMonitoreoYControl-Swift-checkManifestLockResult.txt",
			);
			runOnlyForDeploymentPostprocessing = 0;
			shellPath = /bin/sh;
			shellScript = "diff \"${PODS_PODFILE_DIR_PATH}/Podfile.lock\" \"${PODS_ROOT}/Manifest.lock\" > /dev/null\nif [ $? != 0 ] ; then\n    # print error to STDERR\n    echo \"error: The sandbox is not in sync with the Podfile.lock. Run 'pod install' or update your CocoaPods installation.\" >&2\n    exit 1\nfi\n# This output is used by Xcode 'outputs' to avoid re-running this script phase.\necho \"SUCCESS\" > \"${SCRIPT_OUTPUT_FILE_0}\"\n";
			showEnvVarsInLog = 0;
		};
/* End PBXShellScriptBuildPhase section */

/* Begin PBXSourcesBuildPhase section */
		8347C81523D266D30017E769 /* Sources */ = {
			isa = PBXSourcesBuildPhase;
			buildActionMask = 2147483647;
			files = (
				CD4C8F63244F692600826FB5 /* LlamadaEntranteCell.swift in Sources */,
				CD51FE2E24649E0D00D9AC46 /* SubDependenciaCell.swift in Sources */,
				83AEA74624475A83008E3BDB /* IntegranteMapaView.swift in Sources */,
				8399AC232444DA4800BD1179 /* GrupoPersonalizadoCell.swift in Sources */,
				CD51FE312465ACBD00D9AC46 /* BusquedaReporteController.swift in Sources */,
				CD93D05B24533190002363B8 /* InformacionController.swift in Sources */,
				CD4C8F65244F810B00826FB5 /* ListaLlamadaCell.swift in Sources */,
				CD93D0442451ECE5002363B8 /* LlamadaController.swift in Sources */,
				CD93D0482451F19E002363B8 /* ControlesLlamadaView.swift in Sources */,
				8399AC2B24450D9B00BD1179 /* RegistroRutasView.swift in Sources */,
				CD93D0372450A031002363B8 /* DependenciasController.swift in Sources */,
				CD51FE182461E8F800D9AC46 /* LlamadaProtocol.swift in Sources */,
				83B2D8FD2448ECDC003EB0D3 /* GrupoCell.swift in Sources */,
				83CFC2DE23DA2B8400532C71 /* Group.swift in Sources */,
				8399AC162444BB4400BD1179 /* BaseMapController.swift in Sources */,
				CD51FE3D2469C38E00D9AC46 /* IntegranteLlamadaCell.swift in Sources */,
				83BA331B244636CB00A2A85A /* RutaIntegrante.swift in Sources */,
				8399AC1F2444CCF200BD1179 /* GruposView.swift in Sources */,
				CD51FE2824645C2800D9AC46 /* GenerarReporteView.swift in Sources */,
				8399AC142444BA0E00BD1179 /* BaseViewController.swift in Sources */,
				8399AC1A2444BC6100BD1179 /* MonitoreoUnidadesController.swift in Sources */,
				CD93D0462451F070002363B8 /* DarkBlurView.swift in Sources */,
				83C1205823D60949003C4075 /* Menu.swift in Sources */,
				CD51FE2424631E7D00D9AC46 /* ChatCell.swift in Sources */,
				831AE345240598F800AD8109 /* AdminController.swift in Sources */,
				83688BF623D65BE800D469C8 /* LoginController.swift in Sources */,
				CD51FE1A246312B900D9AC46 /* LlamadaCell.swift in Sources */,
				83BA331D24464EB200A2A85A /* CountClusterAnnotationView.swift in Sources */,
				83B2D8FB2448EC91003EB0D3 /* GrupoAutomaticoCell.swift in Sources */,
				83BA331524460AF500A2A85A /* InformacionIntegranteView.swift in Sources */,
				CD93D04A24520DEB002363B8 /* AccionesLlamadaView.swift in Sources */,
				CD93D03E2450AD4B002363B8 /* SubDependenciasController.swift in Sources */,
				83C1205B23D60BE2003C4075 /* Extensions.swift in Sources */,
				CD51FE2A246461F900D9AC46 /* MapaController.swift in Sources */,
				8399AC272444FAD900BD1179 /* IntegrantesView.swift in Sources */,
				CD51FE342465AEA000D9AC46 /* BusquedaReporteView.swift in Sources */,
				CD4C8F67244F919100826FB5 /* Llamada.swift in Sources */,
				8399AC1D2444C2F400BD1179 /* BaseCardView.swift in Sources */,
				8399AC292444FDDD00BD1179 /* IntegranteCell.swift in Sources */,
				83BA33172446290C00A2A85A /* Ruta.swift in Sources */,
				8347C81D23D266D30017E769 /* AppDelegate.swift in Sources */,
				8316379F23D74D4B00EE9DEF /* Service.swift in Sources */,
				CD51FE382465DD9200D9AC46 /* CredencialesOperador.swift in Sources */,
				CD93D03C2450AAED002363B8 /* DependenciasHeaderView.swift in Sources */,
				83BA33192446300200A2A85A /* IntegranteMapa.swift in Sources */,
				CD51FE2224631C7100D9AC46 /* CustomMessagesFlowLayout.swift in Sources */,
				CD51FE202463187100D9AC46 /* UsuarioChat.swift in Sources */,
				CD93D0392450A0B4002363B8 /* Dependencia.swift in Sources */,
				CD51FE2624633ECF00D9AC46 /* Mensaje.swift in Sources */,
				83BA33132446093500A2A85A /* InformacionIntegrante.swift in Sources */,
				83C1205623D60756003C4075 /* MenuController.swift in Sources */,
				8347C81F23D266D30017E769 /* SceneDelegate.swift in Sources */,
				CD51FE1E246317FD00D9AC46 /* MensajeChat.swift in Sources */,
				831637A123D77BBD00EE9DEF /* User.swift in Sources */,
				CD93D0402450B1AF002363B8 /* DependenciaCell.swift in Sources */,
				CD51FE2C2464746000D9AC46 /* Constants.swift in Sources */,
				CD4C8F61244E3CFE00826FB5 /* ActualizaGPS.swift in Sources */,
				CD51FE1C2463178500D9AC46 /* ChatController.swift in Sources */,
				CD51FE362465BA2600D9AC46 /* CustomSwitch.swift in Sources */,
				CD51FE3B2469A99F00D9AC46 /* FirebaseResponse.swift in Sources */,
			);
			runOnlyForDeploymentPostprocessing = 0;
		};
/* End PBXSourcesBuildPhase section */

/* Begin PBXVariantGroup section */
		8347C82223D266D30017E769 /* Main.storyboard */ = {
			isa = PBXVariantGroup;
			children = (
				8347C82323D266D30017E769 /* Base */,
			);
			name = Main.storyboard;
			sourceTree = "<group>";
		};
		8347C82723D266E10017E769 /* LaunchScreen.storyboard */ = {
			isa = PBXVariantGroup;
			children = (
				8347C82823D266E10017E769 /* Base */,
			);
			name = LaunchScreen.storyboard;
			sourceTree = "<group>";
		};
/* End PBXVariantGroup section */

/* Begin XCBuildConfiguration section */
		8347C82B23D266E10017E769 /* Debug */ = {
			isa = XCBuildConfiguration;
			buildSettings = {
				ALWAYS_SEARCH_USER_PATHS = NO;
				CLANG_ANALYZER_NONNULL = YES;
				CLANG_ANALYZER_NUMBER_OBJECT_CONVERSION = YES_AGGRESSIVE;
				CLANG_CXX_LANGUAGE_STANDARD = "gnu++14";
				CLANG_CXX_LIBRARY = "libc++";
				CLANG_ENABLE_MODULES = YES;
				CLANG_ENABLE_OBJC_ARC = YES;
				CLANG_ENABLE_OBJC_WEAK = YES;
				CLANG_WARN_BLOCK_CAPTURE_AUTORELEASING = YES;
				CLANG_WARN_BOOL_CONVERSION = YES;
				CLANG_WARN_COMMA = YES;
				CLANG_WARN_CONSTANT_CONVERSION = YES;
				CLANG_WARN_DEPRECATED_OBJC_IMPLEMENTATIONS = YES;
				CLANG_WARN_DIRECT_OBJC_ISA_USAGE = YES_ERROR;
				CLANG_WARN_DOCUMENTATION_COMMENTS = YES;
				CLANG_WARN_EMPTY_BODY = YES;
				CLANG_WARN_ENUM_CONVERSION = YES;
				CLANG_WARN_INFINITE_RECURSION = YES;
				CLANG_WARN_INT_CONVERSION = YES;
				CLANG_WARN_NON_LITERAL_NULL_CONVERSION = YES;
				CLANG_WARN_OBJC_IMPLICIT_RETAIN_SELF = YES;
				CLANG_WARN_OBJC_LITERAL_CONVERSION = YES;
				CLANG_WARN_OBJC_ROOT_CLASS = YES_ERROR;
				CLANG_WARN_RANGE_LOOP_ANALYSIS = YES;
				CLANG_WARN_STRICT_PROTOTYPES = YES;
				CLANG_WARN_SUSPICIOUS_MOVE = YES;
				CLANG_WARN_UNGUARDED_AVAILABILITY = YES_AGGRESSIVE;
				CLANG_WARN_UNREACHABLE_CODE = YES;
				CLANG_WARN__DUPLICATE_METHOD_MATCH = YES;
				COPY_PHASE_STRIP = NO;
				DEBUG_INFORMATION_FORMAT = dwarf;
				ENABLE_STRICT_OBJC_MSGSEND = YES;
				ENABLE_TESTABILITY = YES;
				GCC_C_LANGUAGE_STANDARD = gnu11;
				GCC_DYNAMIC_NO_PIC = NO;
				GCC_NO_COMMON_BLOCKS = YES;
				GCC_OPTIMIZATION_LEVEL = 0;
				GCC_PREPROCESSOR_DEFINITIONS = (
					"DEBUG=1",
					"$(inherited)",
				);
				GCC_WARN_64_TO_32_BIT_CONVERSION = YES;
				GCC_WARN_ABOUT_RETURN_TYPE = YES_ERROR;
				GCC_WARN_UNDECLARED_SELECTOR = YES;
				GCC_WARN_UNINITIALIZED_AUTOS = YES_AGGRESSIVE;
				GCC_WARN_UNUSED_FUNCTION = YES;
				GCC_WARN_UNUSED_VARIABLE = YES;
				IPHONEOS_DEPLOYMENT_TARGET = 13.2;
				MTL_ENABLE_DEBUG_INFO = INCLUDE_SOURCE;
				MTL_FAST_MATH = YES;
				ONLY_ACTIVE_ARCH = YES;
				SDKROOT = iphoneos;
				SWIFT_ACTIVE_COMPILATION_CONDITIONS = DEBUG;
				SWIFT_OPTIMIZATION_LEVEL = "-Onone";
			};
			name = Debug;
		};
		8347C82C23D266E10017E769 /* Release */ = {
			isa = XCBuildConfiguration;
			buildSettings = {
				ALWAYS_SEARCH_USER_PATHS = NO;
				CLANG_ANALYZER_NONNULL = YES;
				CLANG_ANALYZER_NUMBER_OBJECT_CONVERSION = YES_AGGRESSIVE;
				CLANG_CXX_LANGUAGE_STANDARD = "gnu++14";
				CLANG_CXX_LIBRARY = "libc++";
				CLANG_ENABLE_MODULES = YES;
				CLANG_ENABLE_OBJC_ARC = YES;
				CLANG_ENABLE_OBJC_WEAK = YES;
				CLANG_WARN_BLOCK_CAPTURE_AUTORELEASING = YES;
				CLANG_WARN_BOOL_CONVERSION = YES;
				CLANG_WARN_COMMA = YES;
				CLANG_WARN_CONSTANT_CONVERSION = YES;
				CLANG_WARN_DEPRECATED_OBJC_IMPLEMENTATIONS = YES;
				CLANG_WARN_DIRECT_OBJC_ISA_USAGE = YES_ERROR;
				CLANG_WARN_DOCUMENTATION_COMMENTS = YES;
				CLANG_WARN_EMPTY_BODY = YES;
				CLANG_WARN_ENUM_CONVERSION = YES;
				CLANG_WARN_INFINITE_RECURSION = YES;
				CLANG_WARN_INT_CONVERSION = YES;
				CLANG_WARN_NON_LITERAL_NULL_CONVERSION = YES;
				CLANG_WARN_OBJC_IMPLICIT_RETAIN_SELF = YES;
				CLANG_WARN_OBJC_LITERAL_CONVERSION = YES;
				CLANG_WARN_OBJC_ROOT_CLASS = YES_ERROR;
				CLANG_WARN_RANGE_LOOP_ANALYSIS = YES;
				CLANG_WARN_STRICT_PROTOTYPES = YES;
				CLANG_WARN_SUSPICIOUS_MOVE = YES;
				CLANG_WARN_UNGUARDED_AVAILABILITY = YES_AGGRESSIVE;
				CLANG_WARN_UNREACHABLE_CODE = YES;
				CLANG_WARN__DUPLICATE_METHOD_MATCH = YES;
				COPY_PHASE_STRIP = NO;
				DEBUG_INFORMATION_FORMAT = "dwarf-with-dsym";
				ENABLE_NS_ASSERTIONS = NO;
				ENABLE_STRICT_OBJC_MSGSEND = YES;
				GCC_C_LANGUAGE_STANDARD = gnu11;
				GCC_NO_COMMON_BLOCKS = YES;
				GCC_WARN_64_TO_32_BIT_CONVERSION = YES;
				GCC_WARN_ABOUT_RETURN_TYPE = YES_ERROR;
				GCC_WARN_UNDECLARED_SELECTOR = YES;
				GCC_WARN_UNINITIALIZED_AUTOS = YES_AGGRESSIVE;
				GCC_WARN_UNUSED_FUNCTION = YES;
				GCC_WARN_UNUSED_VARIABLE = YES;
				IPHONEOS_DEPLOYMENT_TARGET = 13.2;
				MTL_ENABLE_DEBUG_INFO = NO;
				MTL_FAST_MATH = YES;
				SDKROOT = iphoneos;
				SWIFT_COMPILATION_MODE = wholemodule;
				SWIFT_OPTIMIZATION_LEVEL = "-O";
				VALIDATE_PRODUCT = YES;
			};
			name = Release;
		};
		8347C82E23D266E10017E769 /* Debug */ = {
			isa = XCBuildConfiguration;
			baseConfigurationReference = 0A3B40B8CDE89C8D82EFD35C /* Pods-SistemaDeMonitoreoYControl-Swift.debug.xcconfig */;
			buildSettings = {
				ASSETCATALOG_COMPILER_APPICON_NAME = AppIcon;
				CODE_SIGN_STYLE = Automatic;
				DEVELOPMENT_TEAM = L4A8BQZA6U;
				INFOPLIST_FILE = "SistemaDeMonitoreoYControl-Swift/Info.plist";
				IPHONEOS_DEPLOYMENT_TARGET = 11.0;
				LD_RUNPATH_SEARCH_PATHS = (
					"$(inherited)",
					"@executable_path/Frameworks",
				);
				PRODUCT_BUNDLE_IDENTIFIER = "com.globalco.SistemaDeMonitoreoYControl-Swift";
				PRODUCT_NAME = "$(TARGET_NAME)";
				SWIFT_VERSION = 5.0;
				TARGETED_DEVICE_FAMILY = 2;
			};
			name = Debug;
		};
		8347C82F23D266E10017E769 /* Release */ = {
			isa = XCBuildConfiguration;
			baseConfigurationReference = 95D881C14A3D1D62C0030DD0 /* Pods-SistemaDeMonitoreoYControl-Swift.release.xcconfig */;
			buildSettings = {
				ASSETCATALOG_COMPILER_APPICON_NAME = AppIcon;
				CODE_SIGN_STYLE = Automatic;
				DEVELOPMENT_TEAM = L4A8BQZA6U;
				INFOPLIST_FILE = "SistemaDeMonitoreoYControl-Swift/Info.plist";
				IPHONEOS_DEPLOYMENT_TARGET = 11.0;
				LD_RUNPATH_SEARCH_PATHS = (
					"$(inherited)",
					"@executable_path/Frameworks",
				);
				PRODUCT_BUNDLE_IDENTIFIER = "com.globalco.SistemaDeMonitoreoYControl-Swift";
				PRODUCT_NAME = "$(TARGET_NAME)";
				SWIFT_VERSION = 5.0;
				TARGETED_DEVICE_FAMILY = 2;
			};
			name = Release;
		};
/* End XCBuildConfiguration section */

/* Begin XCConfigurationList section */
		8347C81423D266D30017E769 /* Build configuration list for PBXProject "SistemaDeMonitoreoYControl-Swift" */ = {
			isa = XCConfigurationList;
			buildConfigurations = (
				8347C82B23D266E10017E769 /* Debug */,
				8347C82C23D266E10017E769 /* Release */,
			);
			defaultConfigurationIsVisible = 0;
			defaultConfigurationName = Release;
		};
		8347C82D23D266E10017E769 /* Build configuration list for PBXNativeTarget "SistemaDeMonitoreoYControl-Swift" */ = {
			isa = XCConfigurationList;
			buildConfigurations = (
				8347C82E23D266E10017E769 /* Debug */,
				8347C82F23D266E10017E769 /* Release */,
			);
			defaultConfigurationIsVisible = 0;
			defaultConfigurationName = Release;
		};
/* End XCConfigurationList section */
	};
	rootObject = 8347C81123D266D30017E769 /* Project object */;
}
